
Microsoft Visual Studio Solution File, Format Version 12.00
# Visual Studio Version 17
VisualStudioVersion = 17.0.31903.59
MinimumVisualStudioVersion = 10.0.40219.1
Project("{FAE04EC0-301F-11D3-BF4B-00C04F79EFBC}") = "Backend", "src\Backend.csproj", "{A9B35BAA-EDA6-43D2-A207-15788E191178}"
EndProject
Project("{FAE04EC0-301F-11D3-BF4B-00C04F79EFBC}") = "BackendIntegrationTests", "test\IntegrationTests\BackendIntegrationTests.csproj", "{9E877541-2AAD-49F7-8418-101E5AF51D73}"
EndProject
Project("{FAE04EC0-301F-11D3-BF4B-00C04F79EFBC}") = "BackendUnitTests", "test\UnitTests\BackendUnitTests.csproj", "{5053C37E-5AD3-4E9E-AE37-9B250200F9B0}"
EndProject
Global
	GlobalSection(SolutionConfigurationPlatforms) = preSolution
		Debug|Any CPU = Debug|Any CPU
		Release|Any CPU = Release|Any CPU
	EndGlobalSection
	GlobalSection(SolutionProperties) = preSolution
		HideSolutionNode = FALSE
	EndGlobalSection
	GlobalSection(ProjectConfigurationPlatforms) = postSolution
		{A9B35BAA-EDA6-43D2-A207-15788E191178}.Debug|Any CPU.ActiveCfg = Debug|Any CPU
		{A9B35BAA-EDA6-43D2-A207-15788E191178}.Debug|Any CPU.Build.0 = Debug|Any CPU
		{A9B35BAA-EDA6-43D2-A207-15788E191178}.Release|Any CPU.ActiveCfg = Release|Any CPU
		{A9B35BAA-EDA6-43D2-A207-15788E191178}.Release|Any CPU.Build.0 = Release|Any CPU
		{9E877541-2AAD-49F7-8418-101E5AF51D73}.Debug|Any CPU.ActiveCfg = Debug|Any CPU
		{9E877541-2AAD-49F7-8418-101E5AF51D73}.Debug|Any CPU.Build.0 = Debug|Any CPU
		{9E877541-2AAD-49F7-8418-101E5AF51D73}.Release|Any CPU.ActiveCfg = Release|Any CPU
		{9E877541-2AAD-49F7-8418-101E5AF51D73}.Release|Any CPU.Build.0 = Release|Any CPU
		{5053C37E-5AD3-4E9E-AE37-9B250200F9B0}.Debug|Any CPU.ActiveCfg = Debug|Any CPU
		{5053C37E-5AD3-4E9E-AE37-9B250200F9B0}.Debug|Any CPU.Build.0 = Debug|Any CPU
		{5053C37E-5AD3-4E9E-AE37-9B250200F9B0}.Release|Any CPU.ActiveCfg = Release|Any CPU
		{5053C37E-5AD3-4E9E-AE37-9B250200F9B0}.Release|Any CPU.Build.0 = Release|Any CPU
	EndGlobalSection
EndGlobal
